
Microsoft Visual Studio Solution File, Format Version 12.00
# Visual Studio Version 17
VisualStudioVersion = 17.5.002.0
MinimumVisualStudioVersion = 10.0.40219.1
Project("{9A19103F-16F7-4668-BE54-9A1E7A4F7556}") = "ScreenSoundApp", "ScreenSoundApp.csproj", "{AF3FA9F0-727B-4F4B-8531-6B38F5E355EF}"
EndProject
Global
	GlobalSection(SolutionConfigurationPlatforms) = preSolution
		Debug|Any CPU = Debug|Any CPU
		Release|Any CPU = Release|Any CPU
	EndGlobalSection
	GlobalSection(ProjectConfigurationPlatforms) = postSolution
		{AF3FA9F0-727B-4F4B-8531-6B38F5E355EF}.Debug|Any CPU.ActiveCfg = Debug|Any CPU
		{AF3FA9F0-727B-4F4B-8531-6B38F5E355EF}.Debug|Any CPU.Build.0 = Debug|Any CPU
		{AF3FA9F0-727B-4F4B-8531-6B38F5E355EF}.Release|Any CPU.ActiveCfg = Release|Any CPU
		{AF3FA9F0-727B-4F4B-8531-6B38F5E355EF}.Release|Any CPU.Build.0 = Release|Any CPU
	EndGlobalSection
	GlobalSection(SolutionProperties) = preSolution
		HideSolutionNode = FALSE
	EndGlobalSection
	GlobalSection(ExtensibilityGlobals) = postSolution
		SolutionGuid = {66A88C4B-6F64-4BA9-8E5E-A0D29C988BA8}
	EndGlobalSection
EndGlobal
